
Microsoft Visual Studio Solution File, Format Version 12.00
# Visual Studio Version 17
VisualStudioVersion = 17.12.35527.113
MinimumVisualStudioVersion = 10.0.40219.1
Project("{FAE04EC0-301F-11D3-BF4B-00C04F79EFBC}") = "CsvTools.Wpf", "CsvTools.Wpf\CsvTools.Wpf.csproj", "{EDEC1B5B-9AD2-4188-B149-659592C16F21}"
EndProject
Project("{FAE04EC0-301F-11D3-BF4B-00C04F79EFBC}") = "CsvTools.Wpf.Framework", "CsvTools.Wpf.Framework\CsvTools.Wpf.Framework.csproj", "{C507EDBC-B875-4D37-B58E-5A4057267019}"
EndProject
Global
	GlobalSection(SolutionConfigurationPlatforms) = preSolution
		Debug|Any CPU = Debug|Any CPU
		Release|Any CPU = Release|Any CPU
	EndGlobalSection
	GlobalSection(ProjectConfigurationPlatforms) = postSolution
		{EDEC1B5B-9AD2-4188-B149-659592C16F21}.Debug|Any CPU.ActiveCfg = Debug|Any CPU
		{EDEC1B5B-9AD2-4188-B149-659592C16F21}.Debug|Any CPU.Build.0 = Debug|Any CPU
		{EDEC1B5B-9AD2-4188-B149-659592C16F21}.Release|Any CPU.ActiveCfg = Release|Any CPU
		{EDEC1B5B-9AD2-4188-B149-659592C16F21}.Release|Any CPU.Build.0 = Release|Any CPU
		{C507EDBC-B875-4D37-B58E-5A4057267019}.Debug|Any CPU.ActiveCfg = Debug|Any CPU
		{C507EDBC-B875-4D37-B58E-5A4057267019}.Debug|Any CPU.Build.0 = Debug|Any CPU
		{C507EDBC-B875-4D37-B58E-5A4057267019}.Release|Any CPU.ActiveCfg = Release|Any CPU
		{C507EDBC-B875-4D37-B58E-5A4057267019}.Release|Any CPU.Build.0 = Release|Any CPU
	EndGlobalSection
	GlobalSection(SolutionProperties) = preSolution
		HideSolutionNode = FALSE
	EndGlobalSection
EndGlobal
